
Microsoft Visual Studio Solution File, Format Version 12.00
# Visual Studio Version 17
VisualStudioVersion = 17.13.35931.197 d17.13
MinimumVisualStudioVersion = 10.0.40219.1
Project("{FAE04EC0-301F-11D3-BF4B-00C04F79EFBC}") = "Dsw2026Ej5", "Dsw2026Ej5.csproj", "{33207D1E-54F8-12A9-E668-DF68582B34ED}"
EndProject
Global
	GlobalSection(SolutionConfigurationPlatforms) = preSolution
		Debug|Any CPU = Debug|Any CPU
		Release|Any CPU = Release|Any CPU
	EndGlobalSection
	GlobalSection(ProjectConfigurationPlatforms) = postSolution
		{33207D1E-54F8-12A9-E668-DF68582B34ED}.Debug|Any CPU.ActiveCfg = Debug|Any CPU
		{33207D1E-54F8-12A9-E668-DF68582B34ED}.Debug|Any CPU.Build.0 = Debug|Any CPU
		{33207D1E-54F8-12A9-E668-DF68582B34ED}.Release|Any CPU.ActiveCfg = Release|Any CPU
		{33207D1E-54F8-12A9-E668-DF68582B34ED}.Release|Any CPU.Build.0 = Release|Any CPU
	EndGlobalSection
	GlobalSection(SolutionProperties) = preSolution
		HideSolutionNode = FALSE
	EndGlobalSection
	GlobalSection(ExtensibilityGlobals) = postSolution
		SolutionGuid = {7DDAEF92-1645-4909-933E-4ECC6A771FE0}
	EndGlobalSection
EndGlobal
